
Microsoft Visual Studio Solution File, Format Version 12.00
# Visual Studio Version 16
VisualStudioVersion = 16.0.29409.12
MinimumVisualStudioVersion = 10.0.40219.1
Project("{FAE04EC0-301F-11D3-BF4B-00C04F79EFBC}") = "FirstAppWindowsForm", "FirstAppWindowsForm\FirstAppWindowsForm.csproj", "{60192042-4610-4DAA-AFB0-0DCFD9AF11C8}"
EndProject
Global
	GlobalSection(SolutionConfigurationPlatforms) = preSolution
		Debug|Any CPU = Debug|Any CPU
		Release|Any CPU = Release|Any CPU
	EndGlobalSection
	GlobalSection(ProjectConfigurationPlatforms) = postSolution
		{60192042-4610-4DAA-AFB0-0DCFD9AF11C8}.Debug|Any CPU.ActiveCfg = Debug|Any CPU
		{60192042-4610-4DAA-AFB0-0DCFD9AF11C8}.Debug|Any CPU.Build.0 = Debug|Any CPU
		{60192042-4610-4DAA-AFB0-0DCFD9AF11C8}.Release|Any CPU.ActiveCfg = Release|Any CPU
		{60192042-4610-4DAA-AFB0-0DCFD9AF11C8}.Release|Any CPU.Build.0 = Release|Any CPU
	EndGlobalSection
	GlobalSection(SolutionProperties) = preSolution
		HideSolutionNode = FALSE
	EndGlobalSection
	GlobalSection(ExtensibilityGlobals) = postSolution
		SolutionGuid = {4097565D-C1D7-4BC3-9F91-4BC9E5B3E103}
	EndGlobalSection
EndGlobal
